
Microsoft Visual Studio Solution File, Format Version 12.00
# Visual Studio Version 17
VisualStudioVersion = 17.11.35222.181
MinimumVisualStudioVersion = 10.0.40219.1
Project("{FAE04EC0-301F-11D3-BF4B-00C04F79EFBC}") = "КЗ_7.1", "КЗ_7.1\КЗ_7.1.csproj", "{06371944-7E42-49DF-BD53-B1EC5B1309E7}"
EndProject
Global
	GlobalSection(SolutionConfigurationPlatforms) = preSolution
		Debug|Any CPU = Debug|Any CPU
		Release|Any CPU = Release|Any CPU
	EndGlobalSection
	GlobalSection(ProjectConfigurationPlatforms) = postSolution
		{06371944-7E42-49DF-BD53-B1EC5B1309E7}.Debug|Any CPU.ActiveCfg = Debug|Any CPU
		{06371944-7E42-49DF-BD53-B1EC5B1309E7}.Debug|Any CPU.Build.0 = Debug|Any CPU
		{06371944-7E42-49DF-BD53-B1EC5B1309E7}.Release|Any CPU.ActiveCfg = Release|Any CPU
		{06371944-7E42-49DF-BD53-B1EC5B1309E7}.Release|Any CPU.Build.0 = Release|Any CPU
	EndGlobalSection
	GlobalSection(SolutionProperties) = preSolution
		HideSolutionNode = FALSE
	EndGlobalSection
	GlobalSection(ExtensibilityGlobals) = postSolution
		SolutionGuid = {4192CF2A-A834-4DB1-B4E3-1E8456F44A27}
	EndGlobalSection
EndGlobal
