
Microsoft Visual Studio Solution File, Format Version 12.00
# Visual Studio Version 17
VisualStudioVersion = 17.11.35222.181
MinimumVisualStudioVersion = 10.0.40219.1
Project("{FAE04EC0-301F-11D3-BF4B-00C04F79EFBC}") = "КЗ_11.1", "КЗ_11.1\КЗ_11.1.csproj", "{5E7B9747-3444-440C-A7A6-0B5D0EC10825}"
EndProject
Global
	GlobalSection(SolutionConfigurationPlatforms) = preSolution
		Debug|Any CPU = Debug|Any CPU
		Release|Any CPU = Release|Any CPU
	EndGlobalSection
	GlobalSection(ProjectConfigurationPlatforms) = postSolution
		{5E7B9747-3444-440C-A7A6-0B5D0EC10825}.Debug|Any CPU.ActiveCfg = Debug|Any CPU
		{5E7B9747-3444-440C-A7A6-0B5D0EC10825}.Debug|Any CPU.Build.0 = Debug|Any CPU
		{5E7B9747-3444-440C-A7A6-0B5D0EC10825}.Release|Any CPU.ActiveCfg = Release|Any CPU
		{5E7B9747-3444-440C-A7A6-0B5D0EC10825}.Release|Any CPU.Build.0 = Release|Any CPU
	EndGlobalSection
	GlobalSection(SolutionProperties) = preSolution
		HideSolutionNode = FALSE
	EndGlobalSection
	GlobalSection(ExtensibilityGlobals) = postSolution
		SolutionGuid = {910612BC-7E5C-470E-99E8-1CDAFBD338E6}
	EndGlobalSection
EndGlobal
