
Microsoft Visual Studio Solution File, Format Version 12.00
# Visual Studio Version 17
VisualStudioVersion = 17.11.35222.181
MinimumVisualStudioVersion = 10.0.40219.1
Project("{FAE04EC0-301F-11D3-BF4B-00C04F79EFBC}") = "ДЗ_2.2", "ДЗ_2.2\ДЗ_2.2.csproj", "{23C754C5-4726-4955-81F5-B8253A8DE155}"
EndProject
Global
	GlobalSection(SolutionConfigurationPlatforms) = preSolution
		Debug|Any CPU = Debug|Any CPU
		Release|Any CPU = Release|Any CPU
	EndGlobalSection
	GlobalSection(ProjectConfigurationPlatforms) = postSolution
		{23C754C5-4726-4955-81F5-B8253A8DE155}.Debug|Any CPU.ActiveCfg = Debug|Any CPU
		{23C754C5-4726-4955-81F5-B8253A8DE155}.Debug|Any CPU.Build.0 = Debug|Any CPU
		{23C754C5-4726-4955-81F5-B8253A8DE155}.Release|Any CPU.ActiveCfg = Release|Any CPU
		{23C754C5-4726-4955-81F5-B8253A8DE155}.Release|Any CPU.Build.0 = Release|Any CPU
	EndGlobalSection
	GlobalSection(SolutionProperties) = preSolution
		HideSolutionNode = FALSE
	EndGlobalSection
	GlobalSection(ExtensibilityGlobals) = postSolution
		SolutionGuid = {CFA12F44-A75B-4A14-8476-6695FDB29D60}
	EndGlobalSection
EndGlobal
